
Microsoft Visual Studio Solution File, Format Version 12.00
# Visual Studio Version 16
VisualStudioVersion = 16.0.30907.101
MinimumVisualStudioVersion = 10.0.40219.1
Project("{FAE04EC0-301F-11D3-BF4B-00C04F79EFBC}") = "Gebäude", "Gebäude\Gebäude.csproj", "{D64080A0-B5FF-4E17-B502-B0FD2963E2E5}"
EndProject
Global
	GlobalSection(SolutionConfigurationPlatforms) = preSolution
		Debug|Any CPU = Debug|Any CPU
		Release|Any CPU = Release|Any CPU
	EndGlobalSection
	GlobalSection(ProjectConfigurationPlatforms) = postSolution
		{D64080A0-B5FF-4E17-B502-B0FD2963E2E5}.Debug|Any CPU.ActiveCfg = Debug|Any CPU
		{D64080A0-B5FF-4E17-B502-B0FD2963E2E5}.Debug|Any CPU.Build.0 = Debug|Any CPU
		{D64080A0-B5FF-4E17-B502-B0FD2963E2E5}.Release|Any CPU.ActiveCfg = Release|Any CPU
		{D64080A0-B5FF-4E17-B502-B0FD2963E2E5}.Release|Any CPU.Build.0 = Release|Any CPU
	EndGlobalSection
	GlobalSection(SolutionProperties) = preSolution
		HideSolutionNode = FALSE
	EndGlobalSection
	GlobalSection(ExtensibilityGlobals) = postSolution
		SolutionGuid = {6C9A1483-D071-4757-A7EF-8762B41C65F9}
	EndGlobalSection
EndGlobal
